// !$*UTF8*$!
{
	archiveVersion = 1;
	classes = {
	};
	objectVersion = 50;
	objects = {

/* Begin PBXBuildFile section */
		AB254AEF2A5FFB3300C53479 /* AppDelegate.swift in Sources */ = {isa = PBXBuildFile; fileRef = AB254AEE2A5FFB3300C53479 /* AppDelegate.swift */; };
		AB254AF12A5FFB3300C53479 /* SceneDelegate.swift in Sources */ = {isa = PBXBuildFile; fileRef = AB254AF02A5FFB3300C53479 /* SceneDelegate.swift */; };
		AB254AF32A5FFB3300C53479 /* ViewController.swift in Sources */ = {isa = PBXBuildFile; fileRef = AB254AF22A5FFB3300C53479 /* ViewController.swift */; };
		AB254AF62A5FFB3300C53479 /* Main.storyboard in Resources */ = {isa = PBXBuildFile; fileRef = AB254AF42A5FFB3300C53479 /* Main.storyboard */; };
		AB254AF82A5FFB3500C53479 /* Assets.xcassets in Resources */ = {isa = PBXBuildFile; fileRef = AB254AF72A5FFB3500C53479 /* Assets.xcassets */; };
		AB254AFB2A5FFB3500C53479 /* LaunchScreen.storyboard in Resources */ = {isa = PBXBuildFile; fileRef = AB254AF92A5FFB3500C53479 /* LaunchScreen.storyboard */; };
/* End PBXBuildFile section */

/* Begin PBXFileReference section */
		AB254AEB2A5FFB3300C53479 /* tiger-project.app */ = {isa = PBXFileReference; explicitFileType = wrapper.application; includeInIndex = 0; path = "tiger-project.app"; sourceTree = BUILT_PRODUCTS_DIR; };
		AB254AEE2A5FFB3300C53479 /* AppDelegate.swift */ = {isa = PBXFileReference; lastKnownFileType = sourcecode.swift; path = AppDelegate.swift; sourceTree = "<group>"; };
		AB254AF02A5FFB3300C53479 /* SceneDelegate.swift */ = {isa = PBXFileReference; lastKnownFileType = sourcecode.swift; path = SceneDelegate.swift; sourceTree = "<group>"; };
		AB254AF22A5FFB3300C53479 /* ViewController.swift */ = {isa = PBXFileReference; lastKnownFileType = sourcecode.swift; path = ViewController.swift; sourceTree = "<group>"; };
		AB254AF52A5FFB3300C53479 /* Base */ = {isa = PBXFileReference; lastKnownFileType = file.storyboard; name = Base; path = Base.lproj/Main.storyboard; sourceTree = "<group>"; };
		AB254AF72A5FFB3500C53479 /* Assets.xcassets */ = {isa = PBXFileReference; lastKnownFileType = folder.assetcatalog; path = Assets.xcassets; sourceTree = "<group>"; };
		AB254AFA2A5FFB3500C53479 /* Base */ = {isa = PBXFileReference; lastKnownFileType = file.storyboard; name = Base; path = Base.lproj/LaunchScreen.storyboard; sourceTree = "<group>"; };
		AB254AFC2A5FFB3500C53479 /* Info.plist */ = {isa = PBXFileReference; lastKnownFileType = text.plist.xml; path = Info.plist; sourceTree = "<group>"; };
/* End PBXFileReference section */

/* Begin PBXFrameworksBuildPhase section */
		AB254AE82A5FFB3300C53479 /* Frameworks */ = {
			isa = PBXFrameworksBuildPhase;
			buildActionMask = 2147483647;
			files = (
			);
			runOnlyForDeploymentPostprocessing = 0;
		};
/* End PBXFrameworksBuildPhase section */

/* Begin PBXGroup section */
		AB254AE22A5FFB3300C53479 = {
			isa = PBXGroup;
			children = (
				AB254AED2A5FFB3300C53479 /* tiger-project */,
				AB254AEC2A5FFB3300C53479 /* Products */,
			);
			sourceTree = "<group>";
		};
		AB254AEC2A5FFB3300C53479 /* Products */ = {
			isa = PBXGroup;
			children = (
				AB254AEB2A5FFB3300C53479 /* tiger-project.app */,
			);
			name = Products;
			sourceTree = "<group>";
		};
		AB254AED2A5FFB3300C53479 /* tiger-project */ = {
			isa = PBXGroup;
			children = (
				AB254AEE2A5FFB3300C53479 /* AppDelegate.swift */,
				AB254AF02A5FFB3300C53479 /* SceneDelegate.swift */,
				AB254AF22A5FFB3300C53479 /* ViewController.swift */,
				AB254AF42A5FFB3300C53479 /* Main.storyboard */,
				AB254AF72A5FFB3500C53479 /* Assets.xcassets */,
				AB254AF92A5FFB3500C53479 /* LaunchScreen.storyboard */,
				AB254AFC2A5FFB3500C53479 /* Info.plist */,
			);
			path = "tiger-project";
			sourceTree = "<group>";
		};
/* End PBXGroup section */

/* Begin PBXNativeTarget section */
		AB254AEA2A5FFB3300C53479 /* tiger-project */ = {
			isa = PBXNativeTarget;
			buildConfigurationList = AB254AFF2A5FFB3500C53479 /* Build configuration list for PBXNativeTarget "tiger-project" */;
			buildPhases = (
				AB254AE72A5FFB3300C53479 /* Sources */,
				AB254AE82A5FFB3300C53479 /* Frameworks */,
				AB254AE92A5FFB3300C53479 /* Resources */,
			);
			buildRules = (
			);
			dependencies = (
			);
			name = "tiger-project";
			productName = "tiger-project";
			productReference = AB254AEB2A5FFB3300C53479 /* tiger-project.app */;
			productType = "com.apple.product-type.application";
		};
/* End PBXNativeTarget section */

/* Begin PBXProject section */
		AB254AE32A5FFB3300C53479 /* Project object */ = {
			isa = PBXProject;
			attributes = {
				LastSwiftUpdateCheck = 1250;
				LastUpgradeCheck = 1250;
				TargetAttributes = {
					AB254AEA2A5FFB3300C53479 = {
						CreatedOnToolsVersion = 12.5.1;
					};
				};
			};
			buildConfigurationList = AB254AE62A5FFB3300C53479 /* Build configuration list for PBXProject "tiger-project" */;
			compatibilityVersion = "Xcode 9.3";
			developmentRegion = en;
			hasScannedForEncodings = 0;
			knownRegions = (
				en,
				Base,
			);
			mainGroup = AB254AE22A5FFB3300C53479;
			productRefGroup = AB254AEC2A5FFB3300C53479 /* Products */;
			projectDirPath = "";
			projectRoot = "";
			targets = (
				AB254AEA2A5FFB3300C53479 /* tiger-project */,
			);
		};
/* End PBXProject section */

/* Begin PBXResourcesBuildPhase section */
		AB254AE92A5FFB3300C53479 /* Resources */ = {
			isa = PBXResourcesBuildPhase;
			buildActionMask = 2147483647;
			files = (
				AB254AFB2A5FFB3500C53479 /* LaunchScreen.storyboard in Resources */,
				AB254AF82A5FFB3500C53479 /* Assets.xcassets in Resources */,
				AB254AF62A5FFB3300C53479 /* Main.storyboard in Resources */,
			);
			runOnlyForDeploymentPostprocessing = 0;
		};
/* End PBXResourcesBuildPhase section */

/* Begin PBXSourcesBuildPhase section */
		AB254AE72A5FFB3300C53479 /* Sources */ = {
			isa = PBXSourcesBuildPhase;
			buildActionMask = 2147483647;
			files = (
				AB254AF32A5FFB3300C53479 /* ViewController.swift in Sources */,
				AB254AEF2A5FFB3300C53479 /* AppDelegate.swift in Sources */,
				AB254AF12A5FFB3300C53479 /* SceneDelegate.swift in Sources */,
			);
			runOnlyForDeploymentPostprocessing = 0;
		};
/* End PBXSourcesBuildPhase section */

/* Begin PBXVariantGroup section */
		AB254AF42A5FFB3300C53479 /* Main.storyboard */ = {
			isa = PBXVariantGroup;
			children = (
				AB254AF52A5FFB3300C53479 /* Base */,
			);
			name = Main.storyboard;
			sourceTree = "<group>";
		};
		AB254AF92A5FFB3500C53479 /* LaunchScreen.storyboard */ = {
			isa = PBXVariantGroup;
			children = (
				AB254AFA2A5FFB3500C53479 /* Base */,
			);
			name = LaunchScreen.storyboard;
			sourceTree = "<group>";
		};
/* End PBXVariantGroup section */

/* Begin XCBuildConfiguration section */
		AB254AFD2A5FFB3500C53479 /* Debug */ = {
			isa = XCBuildConfiguration;
			buildSettings = {
				ALWAYS_SEARCH_USER_PATHS = NO;
				CLANG_ANALYZER_NONNULL = YES;
				CLANG_ANALYZER_NUMBER_OBJECT_CONVERSION = YES_AGGRESSIVE;
				CLANG_CXX_LANGUAGE_STANDARD = "gnu++14";
				CLANG_CXX_LIBRARY = "libc++";
				CLANG_ENABLE_MODULES = YES;
				CLANG_ENABLE_OBJC_ARC = YES;
				CLANG_ENABLE_OBJC_WEAK = YES;
				CLANG_WARN_BLOCK_CAPTURE_AUTORELEASING = YES;
				CLANG_WARN_BOOL_CONVERSION = YES;
				CLANG_WARN_COMMA = YES;
				CLANG_WARN_CONSTANT_CONVERSION = YES;
				CLANG_WARN_DEPRECATED_OBJC_IMPLEMENTATIONS = YES;
				CLANG_WARN_DIRECT_OBJC_ISA_USAGE = YES_ERROR;
				CLANG_WARN_DOCUMENTATION_COMMENTS = YES;
				CLANG_WARN_EMPTY_BODY = YES;
				CLANG_WARN_ENUM_CONVERSION = YES;
				CLANG_WARN_INFINITE_RECURSION = YES;
				CLANG_WARN_INT_CONVERSION = YES;
				CLANG_WARN_NON_LITERAL_NULL_CONVERSION = YES;
				CLANG_WARN_OBJC_IMPLICIT_RETAIN_SELF = YES;
				CLANG_WARN_OBJC_LITERAL_CONVERSION = YES;
				CLANG_WARN_OBJC_ROOT_CLASS = YES_ERROR;
				CLANG_WARN_QUOTED_INCLUDE_IN_FRAMEWORK_HEADER = YES;
				CLANG_WARN_RANGE_LOOP_ANALYSIS = YES;
				CLANG_WARN_STRICT_PROTOTYPES = YES;
				CLANG_WARN_SUSPICIOUS_MOVE = YES;
				CLANG_WARN_UNGUARDED_AVAILABILITY = YES_AGGRESSIVE;
				CLANG_WARN_UNREACHABLE_CODE = YES;
				CLANG_WARN__DUPLICATE_METHOD_MATCH = YES;
				COPY_PHASE_STRIP = NO;
				DEBUG_INFORMATION_FORMAT = dwarf;
				ENABLE_STRICT_OBJC_MSGSEND = YES;
				ENABLE_TESTABILITY = YES;
				GCC_C_LANGUAGE_STANDARD = gnu11;
				GCC_DYNAMIC_NO_PIC = NO;
				GCC_NO_COMMON_BLOCKS = YES;
				GCC_OPTIMIZATION_LEVEL = 0;
				GCC_PREPROCESSOR_DEFINITIONS = (
					"DEBUG=1",
					"$(inherited)",
				);
				GCC_WARN_64_TO_32_BIT_CONVERSION = YES;
				GCC_WARN_ABOUT_RETURN_TYPE = YES_ERROR;
				GCC_WARN_UNDECLARED_SELECTOR = YES;
				GCC_WARN_UNINITIALIZED_AUTOS = YES_AGGRESSIVE;
				GCC_WARN_UNUSED_FUNCTION = YES;
				GCC_WARN_UNUSED_VARIABLE = YES;
				IPHONEOS_DEPLOYMENT_TARGET = 14.5;
				MTL_ENABLE_DEBUG_INFO = INCLUDE_SOURCE;
				MTL_FAST_MATH = YES;
				ONLY_ACTIVE_ARCH = YES;
				SDKROOT = iphoneos;
				SWIFT_ACTIVE_COMPILATION_CONDITIONS = DEBUG;
				SWIFT_OPTIMIZATION_LEVEL = "-Onone";
			};
			name = Debug;
		};
		AB254AFE2A5FFB3500C53479 /* Release */ = {
			isa = XCBuildConfiguration;
			buildSettings = {
				ALWAYS_SEARCH_USER_PATHS = NO;
				CLANG_ANALYZER_NONNULL = YES;
				CLANG_ANALYZER_NUMBER_OBJECT_CONVERSION = YES_AGGRESSIVE;
				CLANG_CXX_LANGUAGE_STANDARD = "gnu++14";
				CLANG_CXX_LIBRARY = "libc++";
				CLANG_ENABLE_MODULES = YES;
				CLANG_ENABLE_OBJC_ARC = YES;
				CLANG_ENABLE_OBJC_WEAK = YES;
				CLANG_WARN_BLOCK_CAPTURE_AUTORELEASING = YES;
				CLANG_WARN_BOOL_CONVERSION = YES;
				CLANG_WARN_COMMA = YES;
				CLANG_WARN_CONSTANT_CONVERSION = YES;
				CLANG_WARN_DEPRECATED_OBJC_IMPLEMENTATIONS = YES;
				CLANG_WARN_DIRECT_OBJC_ISA_USAGE = YES_ERROR;
				CLANG_WARN_DOCUMENTATION_COMMENTS = YES;
				CLANG_WARN_EMPTY_BODY = YES;
				CLANG_WARN_ENUM_CONVERSION = YES;
				CLANG_WARN_INFINITE_RECURSION = YES;
				CLANG_WARN_INT_CONVERSION = YES;
				CLANG_WARN_NON_LITERAL_NULL_CONVERSION = YES;
				CLANG_WARN_OBJC_IMPLICIT_RETAIN_SELF = YES;
				CLANG_WARN_OBJC_LITERAL_CONVERSION = YES;
				CLANG_WARN_OBJC_ROOT_CLASS = YES_ERROR;
				CLANG_WARN_QUOTED_INCLUDE_IN_FRAMEWORK_HEADER = YES;
				CLANG_WARN_RANGE_LOOP_ANALYSIS = YES;
				CLANG_WARN_STRICT_PROTOTYPES = YES;
				CLANG_WARN_SUSPICIOUS_MOVE = YES;
				CLANG_WARN_UNGUARDED_AVAILABILITY = YES_AGGRESSIVE;
				CLANG_WARN_UNREACHABLE_CODE = YES;
				CLANG_WARN__DUPLICATE_METHOD_MATCH = YES;
				COPY_PHASE_STRIP = NO;
				DEBUG_INFORMATION_FORMAT = "dwarf-with-dsym";
				ENABLE_NS_ASSERTIONS = NO;
				ENABLE_STRICT_OBJC_MSGSEND = YES;
				GCC_C_LANGUAGE_STANDARD = gnu11;
				GCC_NO_COMMON_BLOCKS = YES;
				GCC_WARN_64_TO_32_BIT_CONVERSION = YES;
				GCC_WARN_ABOUT_RETURN_TYPE = YES_ERROR;
				GCC_WARN_UNDECLARED_SELECTOR = YES;
				GCC_WARN_UNINITIALIZED_AUTOS = YES_AGGRESSIVE;
				GCC_WARN_UNUSED_FUNCTION = YES;
				GCC_WARN_UNUSED_VARIABLE = YES;
				IPHONEOS_DEPLOYMENT_TARGET = 14.5;
				MTL_ENABLE_DEBUG_INFO = NO;
				MTL_FAST_MATH = YES;
				SDKROOT = iphoneos;
				SWIFT_COMPILATION_MODE = wholemodule;
				SWIFT_OPTIMIZATION_LEVEL = "-O";
				VALIDATE_PRODUCT = YES;
			};
			name = Release;
		};
		AB254B002A5FFB3500C53479 /* Debug */ = {
			isa = XCBuildConfiguration;
			buildSettings = {
				ASSETCATALOG_COMPILER_APPICON_NAME = AppIcon;
				ASSETCATALOG_COMPILER_GLOBAL_ACCENT_COLOR_NAME = AccentColor;
				CODE_SIGN_STYLE = Automatic;
				INFOPLIST_FILE = "tiger-project/Info.plist";
				LD_RUNPATH_SEARCH_PATHS = (
					"$(inherited)",
					"@executable_path/Frameworks",
				);
				PRODUCT_BUNDLE_IDENTIFIER = "matter.tiger-project";
				PRODUCT_NAME = "$(TARGET_NAME)";
				SWIFT_VERSION = 5.0;
				TARGETED_DEVICE_FAMILY = "1,2";
			};
			name = Debug;
		};
		AB254B012A5FFB3500C53479 /* Release */ = {
			isa = XCBuildConfiguration;
			buildSettings = {
				ASSETCATALOG_COMPILER_APPICON_NAME = AppIcon;
				ASSETCATALOG_COMPILER_GLOBAL_ACCENT_COLOR_NAME = AccentColor;
				CODE_SIGN_STYLE = Automatic;
				INFOPLIST_FILE = "tiger-project/Info.plist";
				LD_RUNPATH_SEARCH_PATHS = (
					"$(inherited)",
					"@executable_path/Frameworks",
				);
				PRODUCT_BUNDLE_IDENTIFIER = "matter.tiger-project";
				PRODUCT_NAME = "$(TARGET_NAME)";
				SWIFT_VERSION = 5.0;
				TARGETED_DEVICE_FAMILY = "1,2";
			};
			name = Release;
		};
/* End XCBuildConfiguration section */

/* Begin XCConfigurationList section */
		AB254AE62A5FFB3300C53479 /* Build configuration list for PBXProject "tiger-project" */ = {
			isa = XCConfigurationList;
			buildConfigurations = (
				AB254AFD2A5FFB3500C53479 /* Debug */,
				AB254AFE2A5FFB3500C53479 /* Release */,
			);
			defaultConfigurationIsVisible = 0;
			defaultConfigurationName = Release;
		};
		AB254AFF2A5FFB3500C53479 /* Build configuration list for PBXNativeTarget "tiger-project" */ = {
			isa = XCConfigurationList;
			buildConfigurations = (
				AB254B002A5FFB3500C53479 /* Debug */,
				AB254B012A5FFB3500C53479 /* Release */,
			);
			defaultConfigurationIsVisible = 0;
			defaultConfigurationName = Release;
		};
/* End XCConfigurationList section */
	};
	rootObject = AB254AE32A5FFB3300C53479 /* Project object */;
}
